// !$*UTF8*$!
{
	archiveVersion = 1;
	classes = {
	};
	objectVersion = 50;
	objects = {

/* Begin PBXBuildFile section */
		3D0C4597254F234D008D237D /* ParkingAreaViewController.swift in Sources */ = {isa = PBXBuildFile; fileRef = 3D0C4596254F234D008D237D /* ParkingAreaViewController.swift */; };
		3D0C459C254F2390008D237D /* ParkingAreaTableViewCell.swift in Sources */ = {isa = PBXBuildFile; fileRef = 3D0C459B254F2390008D237D /* ParkingAreaTableViewCell.swift */; };
		3D0C45A2254F4670008D237D /* ListedAreasViewController.swift in Sources */ = {isa = PBXBuildFile; fileRef = 3D0C45A1254F4670008D237D /* ListedAreasViewController.swift */; };
		3D0C45A7254F4707008D237D /* ListedAreasTableViewCell.swift in Sources */ = {isa = PBXBuildFile; fileRef = 3D0C45A6254F4707008D237D /* ListedAreasTableViewCell.swift */; };
		3D3B35452540F8D300D92761 /* Variables.swift in Sources */ = {isa = PBXBuildFile; fileRef = 3D3B35442540F8D300D92761 /* Variables.swift */; };
		3D3B354A2540FAC300D92761 /* SwiftyJSON.swift in Sources */ = {isa = PBXBuildFile; fileRef = 3D3B35492540FAC300D92761 /* SwiftyJSON.swift */; };
		3D3B35512540FC9700D92761 /* User.swift in Sources */ = {isa = PBXBuildFile; fileRef = 3D3B35502540FC9700D92761 /* User.swift */; };
		3D3B35622541047900D92761 /* CreateAccountViewController.swift in Sources */ = {isa = PBXBuildFile; fileRef = 3D3B35612541047900D92761 /* CreateAccountViewController.swift */; };
		3D4841362533B49C00B1D293 /* AppDelegate.swift in Sources */ = {isa = PBXBuildFile; fileRef = 3D4841352533B49C00B1D293 /* AppDelegate.swift */; };
		3D4841382533B49C00B1D293 /* SceneDelegate.swift in Sources */ = {isa = PBXBuildFile; fileRef = 3D4841372533B49C00B1D293 /* SceneDelegate.swift */; };
		3D48413A2533B49C00B1D293 /* LoginViewController.swift in Sources */ = {isa = PBXBuildFile; fileRef = 3D4841392533B49C00B1D293 /* LoginViewController.swift */; };
		3D48413D2533B49C00B1D293 /* Main.storyboard in Resources */ = {isa = PBXBuildFile; fileRef = 3D48413B2533B49C00B1D293 /* Main.storyboard */; };
		3D48413F2533B49C00B1D293 /* Assets.xcassets in Resources */ = {isa = PBXBuildFile; fileRef = 3D48413E2533B49C00B1D293 /* Assets.xcassets */; };
		3D4841422533B49C00B1D293 /* LaunchScreen.storyboard in Resources */ = {isa = PBXBuildFile; fileRef = 3D4841402533B49C00B1D293 /* LaunchScreen.storyboard */; };
		3D48414D2533B49C00B1D293 /* Park_ShareTests.swift in Sources */ = {isa = PBXBuildFile; fileRef = 3D48414C2533B49C00B1D293 /* Park_ShareTests.swift */; };
		3D4841582533B49C00B1D293 /* Park_ShareUITests.swift in Sources */ = {isa = PBXBuildFile; fileRef = 3D4841572533B49C00B1D293 /* Park_ShareUITests.swift */; };
		3D91D5632549CCAD00CC740B /* ProfileViewController.swift in Sources */ = {isa = PBXBuildFile; fileRef = 3D91D5622549CCAD00CC740B /* ProfileViewController.swift */; };
		3D91D56C2549D0C000CC740B /* VehiclesViewController.swift in Sources */ = {isa = PBXBuildFile; fileRef = 3D91D56B2549D0C000CC740B /* VehiclesViewController.swift */; };
		3D91D5712549D1BB00CC740B /* VehicleTableViewCell.swift in Sources */ = {isa = PBXBuildFile; fileRef = 3D91D5702549D1BB00CC740B /* VehicleTableViewCell.swift */; };
		3D9C710C255DA6AC0000DD7D /* CurrentVehiclesViewController.swift in Sources */ = {isa = PBXBuildFile; fileRef = 3D9C710B255DA6AC0000DD7D /* CurrentVehiclesViewController.swift */; };
		3D9C7111255DA6C30000DD7D /* CurrentVehiclesTableViewCell.swift in Sources */ = {isa = PBXBuildFile; fileRef = 3D9C7110255DA6C30000DD7D /* CurrentVehiclesTableViewCell.swift */; };
		3D9C7117255DB5A70000DD7D /* RentedAreasViewController.swift in Sources */ = {isa = PBXBuildFile; fileRef = 3D9C7116255DB5A70000DD7D /* RentedAreasViewController.swift */; };
		3D9C711F255DB5B70000DD7D /* RentedAreasTableViewCell.swift in Sources */ = {isa = PBXBuildFile; fileRef = 3D9C711E255DB5B70000DD7D /* RentedAreasTableViewCell.swift */; };
		3DC9FAF2255CABEF00D6FD49 /* ChooseVehiclesViewController.swift in Sources */ = {isa = PBXBuildFile; fileRef = 3DC9FAF1255CABEF00D6FD49 /* ChooseVehiclesViewController.swift */; };
		3DC9FAF7255CAC0A00D6FD49 /* ChooseVehiclesTableViewCell.swift in Sources */ = {isa = PBXBuildFile; fileRef = 3DC9FAF6255CAC0A00D6FD49 /* ChooseVehiclesTableViewCell.swift */; };
		3DCD4B582557395D0087EACA /* ChooseAreaViewController.swift in Sources */ = {isa = PBXBuildFile; fileRef = 3DCD4B572557395D0087EACA /* ChooseAreaViewController.swift */; };
		3DCD4B5D2557397D0087EACA /* ChooseAreaTableViewCell.swift in Sources */ = {isa = PBXBuildFile; fileRef = 3DCD4B5C2557397D0087EACA /* ChooseAreaTableViewCell.swift */; };
		3DD193542559B5FF00A4FC87 /* AllParkingViewController.swift in Sources */ = {isa = PBXBuildFile; fileRef = 3DD193532559B5FF00A4FC87 /* AllParkingViewController.swift */; };
		3DD193592559B61700A4FC87 /* AllParkingTableViewCell.swift in Sources */ = {isa = PBXBuildFile; fileRef = 3DD193582559B61700A4FC87 /* AllParkingTableViewCell.swift */; };
		3DD1935E2559BFBC00A4FC87 /* AreaDetailsViewController.swift in Sources */ = {isa = PBXBuildFile; fileRef = 3DD1935D2559BFBC00A4FC87 /* AreaDetailsViewController.swift */; };
		4656627CC7B77BD154BA1F6B /* libPods-Park Share.a in Frameworks */ = {isa = PBXBuildFile; fileRef = 52E4FC63A335B747C6807605 /* libPods-Park Share.a */; };
/* End PBXBuildFile section */

/* Begin PBXContainerItemProxy section */
		3D4841492533B49C00B1D293 /* PBXContainerItemProxy */ = {
			isa = PBXContainerItemProxy;
			containerPortal = 3D48412A2533B49B00B1D293 /* Project object */;
			proxyType = 1;
			remoteGlobalIDString = 3D4841312533B49C00B1D293;
			remoteInfo = "Park Share";
		};
		3D4841542533B49C00B1D293 /* PBXContainerItemProxy */ = {
			isa = PBXContainerItemProxy;
			containerPortal = 3D48412A2533B49B00B1D293 /* Project object */;
			proxyType = 1;
			remoteGlobalIDString = 3D4841312533B49C00B1D293;
			remoteInfo = "Park Share";
		};
/* End PBXContainerItemProxy section */

/* Begin PBXFileReference section */
		3D0C4596254F234D008D237D /* ParkingAreaViewController.swift */ = {isa = PBXFileReference; lastKnownFileType = sourcecode.swift; path = ParkingAreaViewController.swift; sourceTree = "<group>"; };
		3D0C459B254F2390008D237D /* ParkingAreaTableViewCell.swift */ = {isa = PBXFileReference; lastKnownFileType = sourcecode.swift; path = ParkingAreaTableViewCell.swift; sourceTree = "<group>"; };
		3D0C45A1254F4670008D237D /* ListedAreasViewController.swift */ = {isa = PBXFileReference; lastKnownFileType = sourcecode.swift; path = ListedAreasViewController.swift; sourceTree = "<group>"; };
		3D0C45A6254F4707008D237D /* ListedAreasTableViewCell.swift */ = {isa = PBXFileReference; lastKnownFileType = sourcecode.swift; path = ListedAreasTableViewCell.swift; sourceTree = "<group>"; };
		3D3B35442540F8D300D92761 /* Variables.swift */ = {isa = PBXFileReference; lastKnownFileType = sourcecode.swift; path = Variables.swift; sourceTree = "<group>"; };
		3D3B35492540FAC300D92761 /* SwiftyJSON.swift */ = {isa = PBXFileReference; lastKnownFileType = sourcecode.swift; path = SwiftyJSON.swift; sourceTree = "<group>"; };
		3D3B35502540FC9700D92761 /* User.swift */ = {isa = PBXFileReference; lastKnownFileType = sourcecode.swift; path = User.swift; sourceTree = "<group>"; };
		3D3B35612541047900D92761 /* CreateAccountViewController.swift */ = {isa = PBXFileReference; lastKnownFileType = sourcecode.swift; path = CreateAccountViewController.swift; sourceTree = "<group>"; };
		3D4841322533B49C00B1D293 /* Park Share.app */ = {isa = PBXFileReference; explicitFileType = wrapper.application; includeInIndex = 0; path = "Park Share.app"; sourceTree = BUILT_PRODUCTS_DIR; };
		3D4841352533B49C00B1D293 /* AppDelegate.swift */ = {isa = PBXFileReference; lastKnownFileType = sourcecode.swift; path = AppDelegate.swift; sourceTree = "<group>"; };
		3D4841372533B49C00B1D293 /* SceneDelegate.swift */ = {isa = PBXFileReference; lastKnownFileType = sourcecode.swift; path = SceneDelegate.swift; sourceTree = "<group>"; };
		3D4841392533B49C00B1D293 /* LoginViewController.swift */ = {isa = PBXFileReference; lastKnownFileType = sourcecode.swift; path = LoginViewController.swift; sourceTree = "<group>"; };
		3D48413C2533B49C00B1D293 /* Base */ = {isa = PBXFileReference; lastKnownFileType = file.storyboard; name = Base; path = Base.lproj/Main.storyboard; sourceTree = "<group>"; };
		3D48413E2533B49C00B1D293 /* Assets.xcassets */ = {isa = PBXFileReference; lastKnownFileType = folder.assetcatalog; path = Assets.xcassets; sourceTree = "<group>"; };
		3D4841412533B49C00B1D293 /* Base */ = {isa = PBXFileReference; lastKnownFileType = file.storyboard; name = Base; path = Base.lproj/LaunchScreen.storyboard; sourceTree = "<group>"; };
		3D4841432533B49C00B1D293 /* Info.plist */ = {isa = PBXFileReference; lastKnownFileType = text.plist.xml; path = Info.plist; sourceTree = "<group>"; };
		3D4841482533B49C00B1D293 /* Park ShareTests.xctest */ = {isa = PBXFileReference; explicitFileType = wrapper.cfbundle; includeInIndex = 0; path = "Park ShareTests.xctest"; sourceTree = BUILT_PRODUCTS_DIR; };
		3D48414C2533B49C00B1D293 /* Park_ShareTests.swift */ = {isa = PBXFileReference; lastKnownFileType = sourcecode.swift; path = Park_ShareTests.swift; sourceTree = "<group>"; };
		3D48414E2533B49C00B1D293 /* Info.plist */ = {isa = PBXFileReference; lastKnownFileType = text.plist.xml; path = Info.plist; sourceTree = "<group>"; };
		3D4841532533B49C00B1D293 /* Park ShareUITests.xctest */ = {isa = PBXFileReference; explicitFileType = wrapper.cfbundle; includeInIndex = 0; path = "Park ShareUITests.xctest"; sourceTree = BUILT_PRODUCTS_DIR; };
		3D4841572533B49C00B1D293 /* Park_ShareUITests.swift */ = {isa = PBXFileReference; lastKnownFileType = sourcecode.swift; path = Park_ShareUITests.swift; sourceTree = "<group>"; };
		3D4841592533B49C00B1D293 /* Info.plist */ = {isa = PBXFileReference; lastKnownFileType = text.plist.xml; path = Info.plist; sourceTree = "<group>"; };
		3D91D5622549CCAD00CC740B /* ProfileViewController.swift */ = {isa = PBXFileReference; lastKnownFileType = sourcecode.swift; path = ProfileViewController.swift; sourceTree = "<group>"; };
		3D91D56B2549D0C000CC740B /* VehiclesViewController.swift */ = {isa = PBXFileReference; lastKnownFileType = sourcecode.swift; path = VehiclesViewController.swift; sourceTree = "<group>"; };
		3D91D5702549D1BB00CC740B /* VehicleTableViewCell.swift */ = {isa = PBXFileReference; lastKnownFileType = sourcecode.swift; path = VehicleTableViewCell.swift; sourceTree = "<group>"; };
		3D9C710B255DA6AC0000DD7D /* CurrentVehiclesViewController.swift */ = {isa = PBXFileReference; lastKnownFileType = sourcecode.swift; path = CurrentVehiclesViewController.swift; sourceTree = "<group>"; };
		3D9C7110255DA6C30000DD7D /* CurrentVehiclesTableViewCell.swift */ = {isa = PBXFileReference; lastKnownFileType = sourcecode.swift; path = CurrentVehiclesTableViewCell.swift; sourceTree = "<group>"; };
		3D9C7116255DB5A70000DD7D /* RentedAreasViewController.swift */ = {isa = PBXFileReference; lastKnownFileType = sourcecode.swift; path = RentedAreasViewController.swift; sourceTree = "<group>"; };
		3D9C711E255DB5B70000DD7D /* RentedAreasTableViewCell.swift */ = {isa = PBXFileReference; lastKnownFileType = sourcecode.swift; path = RentedAreasTableViewCell.swift; sourceTree = "<group>"; };
		3DA2C5E32549C29B00C55C12 /* Park Share.entitlements */ = {isa = PBXFileReference; lastKnownFileType = text.plist.entitlements; path = "Park Share.entitlements"; sourceTree = "<group>"; };
		3DC9FAF1255CABEF00D6FD49 /* ChooseVehiclesViewController.swift */ = {isa = PBXFileReference; lastKnownFileType = sourcecode.swift; path = ChooseVehiclesViewController.swift; sourceTree = "<group>"; };
		3DC9FAF6255CAC0A00D6FD49 /* ChooseVehiclesTableViewCell.swift */ = {isa = PBXFileReference; lastKnownFileType = sourcecode.swift; path = ChooseVehiclesTableViewCell.swift; sourceTree = "<group>"; };
		3DCD4B572557395D0087EACA /* ChooseAreaViewController.swift */ = {isa = PBXFileReference; lastKnownFileType = sourcecode.swift; path = ChooseAreaViewController.swift; sourceTree = "<group>"; };
		3DCD4B5C2557397D0087EACA /* ChooseAreaTableViewCell.swift */ = {isa = PBXFileReference; lastKnownFileType = sourcecode.swift; path = ChooseAreaTableViewCell.swift; sourceTree = "<group>"; };
		3DD193532559B5FF00A4FC87 /* AllParkingViewController.swift */ = {isa = PBXFileReference; lastKnownFileType = sourcecode.swift; path = AllParkingViewController.swift; sourceTree = "<group>"; };
		3DD193582559B61700A4FC87 /* AllParkingTableViewCell.swift */ = {isa = PBXFileReference; lastKnownFileType = sourcecode.swift; path = AllParkingTableViewCell.swift; sourceTree = "<group>"; };
		3DD1935D2559BFBC00A4FC87 /* AreaDetailsViewController.swift */ = {isa = PBXFileReference; lastKnownFileType = sourcecode.swift; path = AreaDetailsViewController.swift; sourceTree = "<group>"; };
		52E4FC63A335B747C6807605 /* libPods-Park Share.a */ = {isa = PBXFileReference; explicitFileType = archive.ar; includeInIndex = 0; path = "libPods-Park Share.a"; sourceTree = BUILT_PRODUCTS_DIR; };
		739E6C32A86C689F9813A8A3 /* Pods-Park Share.release.xcconfig */ = {isa = PBXFileReference; includeInIndex = 1; lastKnownFileType = text.xcconfig; name = "Pods-Park Share.release.xcconfig"; path = "Target Support Files/Pods-Park Share/Pods-Park Share.release.xcconfig"; sourceTree = "<group>"; };
		8E8299BA2DA37F4710855A3F /* Pods-Park Share.debug.xcconfig */ = {isa = PBXFileReference; includeInIndex = 1; lastKnownFileType = text.xcconfig; name = "Pods-Park Share.debug.xcconfig"; path = "Target Support Files/Pods-Park Share/Pods-Park Share.debug.xcconfig"; sourceTree = "<group>"; };
/* End PBXFileReference section */

/* Begin PBXFrameworksBuildPhase section */
		3D48412F2533B49C00B1D293 /* Frameworks */ = {
			isa = PBXFrameworksBuildPhase;
			buildActionMask = 2147483647;
			files = (
				4656627CC7B77BD154BA1F6B /* libPods-Park Share.a in Frameworks */,
			);
			runOnlyForDeploymentPostprocessing = 0;
		};
		3D4841452533B49C00B1D293 /* Frameworks */ = {
			isa = PBXFrameworksBuildPhase;
			buildActionMask = 2147483647;
			files = (
			);
			runOnlyForDeploymentPostprocessing = 0;
		};
		3D4841502533B49C00B1D293 /* Frameworks */ = {
			isa = PBXFrameworksBuildPhase;
			buildActionMask = 2147483647;
			files = (
			);
			runOnlyForDeploymentPostprocessing = 0;
		};
/* End PBXFrameworksBuildPhase section */

/* Begin PBXGroup section */
		1BF549FBF00324FB196AE7A6 /* Frameworks */ = {
			isa = PBXGroup;
			children = (
				52E4FC63A335B747C6807605 /* libPods-Park Share.a */,
			);
			name = Frameworks;
			sourceTree = "<group>";
		};
		329751639E67E008E10B364F /* Pods */ = {
			isa = PBXGroup;
			children = (
				8E8299BA2DA37F4710855A3F /* Pods-Park Share.debug.xcconfig */,
				739E6C32A86C689F9813A8A3 /* Pods-Park Share.release.xcconfig */,
			);
			path = Pods;
			sourceTree = "<group>";
		};
		3D0C45A0254F462D008D237D /* UserListedAreas */ = {
			isa = PBXGroup;
			children = (
				3D0C45A1254F4670008D237D /* ListedAreasViewController.swift */,
				3D0C45A6254F4707008D237D /* ListedAreasTableViewCell.swift */,
				3DCD4B572557395D0087EACA /* ChooseAreaViewController.swift */,
				3DCD4B5C2557397D0087EACA /* ChooseAreaTableViewCell.swift */,
				3D9C710B255DA6AC0000DD7D /* CurrentVehiclesViewController.swift */,
				3D9C7110255DA6C30000DD7D /* CurrentVehiclesTableViewCell.swift */,
			);
			path = UserListedAreas;
			sourceTree = "<group>";
		};
		3D3B354E2540FC6900D92761 /* Models */ = {
			isa = PBXGroup;
			children = (
				3D3B35502540FC9700D92761 /* User.swift */,
			);
			path = Models;
			sourceTree = "<group>";
		};
		3D3B354F2540FC7100D92761 /* InitialScreens */ = {
			isa = PBXGroup;
			children = (
				3D4841392533B49C00B1D293 /* LoginViewController.swift */,
				3D3B35612541047900D92761 /* CreateAccountViewController.swift */,
			);
			path = InitialScreens;
			sourceTree = "<group>";
		};
		3D4841292533B49B00B1D293 = {
			isa = PBXGroup;
			children = (
				3D4841342533B49C00B1D293 /* Park Share */,
				3D48414B2533B49C00B1D293 /* Park ShareTests */,
				3D4841562533B49C00B1D293 /* Park ShareUITests */,
				3D4841332533B49C00B1D293 /* Products */,
				329751639E67E008E10B364F /* Pods */,
				1BF549FBF00324FB196AE7A6 /* Frameworks */,
			);
			sourceTree = "<group>";
		};
		3D4841332533B49C00B1D293 /* Products */ = {
			isa = PBXGroup;
			children = (
				3D4841322533B49C00B1D293 /* Park Share.app */,
				3D4841482533B49C00B1D293 /* Park ShareTests.xctest */,
				3D4841532533B49C00B1D293 /* Park ShareUITests.xctest */,
			);
			name = Products;
			sourceTree = "<group>";
		};
		3D4841342533B49C00B1D293 /* Park Share */ = {
			isa = PBXGroup;
			children = (
				3D9C7115255DB58E0000DD7D /* RentedAreas */,
				3DD193522559B5D600A4FC87 /* RentParking */,
				3D0C45A0254F462D008D237D /* UserListedAreas */,
				3D91D5672549D08600CC740B /* Profile */,
				3DA2C5E32549C29B00C55C12 /* Park Share.entitlements */,
				3D3B354F2540FC7100D92761 /* InitialScreens */,
				3D3B354E2540FC6900D92761 /* Models */,
				3D4841352533B49C00B1D293 /* AppDelegate.swift */,
				3D4841372533B49C00B1D293 /* SceneDelegate.swift */,
				3D48413B2533B49C00B1D293 /* Main.storyboard */,
				3D48413E2533B49C00B1D293 /* Assets.xcassets */,
				3D4841402533B49C00B1D293 /* LaunchScreen.storyboard */,
				3D4841432533B49C00B1D293 /* Info.plist */,
				3D3B35442540F8D300D92761 /* Variables.swift */,
				3D3B35492540FAC300D92761 /* SwiftyJSON.swift */,
			);
			path = "Park Share";
			sourceTree = "<group>";
		};
		3D48414B2533B49C00B1D293 /* Park ShareTests */ = {
			isa = PBXGroup;
			children = (
				3D48414C2533B49C00B1D293 /* Park_ShareTests.swift */,
				3D48414E2533B49C00B1D293 /* Info.plist */,
			);
			path = "Park ShareTests";
			sourceTree = "<group>";
		};
		3D4841562533B49C00B1D293 /* Park ShareUITests */ = {
			isa = PBXGroup;
			children = (
				3D4841572533B49C00B1D293 /* Park_ShareUITests.swift */,
				3D4841592533B49C00B1D293 /* Info.plist */,
			);
			path = "Park ShareUITests";
			sourceTree = "<group>";
		};
		3D91D5672549D08600CC740B /* Profile */ = {
			isa = PBXGroup;
			children = (
				3D91D5622549CCAD00CC740B /* ProfileViewController.swift */,
				3D91D56B2549D0C000CC740B /* VehiclesViewController.swift */,
				3D91D5702549D1BB00CC740B /* VehicleTableViewCell.swift */,
				3D0C4596254F234D008D237D /* ParkingAreaViewController.swift */,
				3D0C459B254F2390008D237D /* ParkingAreaTableViewCell.swift */,
			);
			path = Profile;
			sourceTree = "<group>";
		};
		3D9C7115255DB58E0000DD7D /* RentedAreas */ = {
			isa = PBXGroup;
			children = (
				3D9C7116255DB5A70000DD7D /* RentedAreasViewController.swift */,
				3D9C711E255DB5B70000DD7D /* RentedAreasTableViewCell.swift */,
			);
			path = RentedAreas;
			sourceTree = "<group>";
		};
		3DD193522559B5D600A4FC87 /* RentParking */ = {
			isa = PBXGroup;
			children = (
				3DD193532559B5FF00A4FC87 /* AllParkingViewController.swift */,
				3DD193582559B61700A4FC87 /* AllParkingTableViewCell.swift */,
				3DD1935D2559BFBC00A4FC87 /* AreaDetailsViewController.swift */,
				3DC9FAF1255CABEF00D6FD49 /* ChooseVehiclesViewController.swift */,
				3DC9FAF6255CAC0A00D6FD49 /* ChooseVehiclesTableViewCell.swift */,
			);
			path = RentParking;
			sourceTree = "<group>";
		};
/* End PBXGroup section */

/* Begin PBXNativeTarget section */
		3D4841312533B49C00B1D293 /* Park Share */ = {
			isa = PBXNativeTarget;
			buildConfigurationList = 3D48415C2533B49D00B1D293 /* Build configuration list for PBXNativeTarget "Park Share" */;
			buildPhases = (
				FBA81C5CC060B394F2A71D7A /* [CP] Check Pods Manifest.lock */,
				3D48412E2533B49C00B1D293 /* Sources */,
				3D48412F2533B49C00B1D293 /* Frameworks */,
				3D4841302533B49C00B1D293 /* Resources */,
			);
			buildRules = (
			);
			dependencies = (
			);
			name = "Park Share";
			productName = "Park Share";
			productReference = 3D4841322533B49C00B1D293 /* Park Share.app */;
			productType = "com.apple.product-type.application";
		};
		3D4841472533B49C00B1D293 /* Park ShareTests */ = {
			isa = PBXNativeTarget;
			buildConfigurationList = 3D48415F2533B49D00B1D293 /* Build configuration list for PBXNativeTarget "Park ShareTests" */;
			buildPhases = (
				3D4841442533B49C00B1D293 /* Sources */,
				3D4841452533B49C00B1D293 /* Frameworks */,
				3D4841462533B49C00B1D293 /* Resources */,
			);
			buildRules = (
			);
			dependencies = (
				3D48414A2533B49C00B1D293 /* PBXTargetDependency */,
			);
			name = "Park ShareTests";
			productName = "Park ShareTests";
			productReference = 3D4841482533B49C00B1D293 /* Park ShareTests.xctest */;
			productType = "com.apple.product-type.bundle.unit-test";
		};
		3D4841522533B49C00B1D293 /* Park ShareUITests */ = {
			isa = PBXNativeTarget;
			buildConfigurationList = 3D4841622533B49D00B1D293 /* Build configuration list for PBXNativeTarget "Park ShareUITests" */;
			buildPhases = (
				3D48414F2533B49C00B1D293 /* Sources */,
				3D4841502533B49C00B1D293 /* Frameworks */,
				3D4841512533B49C00B1D293 /* Resources */,
			);
			buildRules = (
			);
			dependencies = (
				3D4841552533B49C00B1D293 /* PBXTargetDependency */,
			);
			name = "Park ShareUITests";
			productName = "Park ShareUITests";
			productReference = 3D4841532533B49C00B1D293 /* Park ShareUITests.xctest */;
			productType = "com.apple.product-type.bundle.ui-testing";
		};
/* End PBXNativeTarget section */

/* Begin PBXProject section */
		3D48412A2533B49B00B1D293 /* Project object */ = {
			isa = PBXProject;
			attributes = {
				LastSwiftUpdateCheck = 1200;
				LastUpgradeCheck = 1200;
				TargetAttributes = {
					3D4841312533B49C00B1D293 = {
						CreatedOnToolsVersion = 12.0.1;
					};
					3D4841472533B49C00B1D293 = {
						CreatedOnToolsVersion = 12.0.1;
						TestTargetID = 3D4841312533B49C00B1D293;
					};
					3D4841522533B49C00B1D293 = {
						CreatedOnToolsVersion = 12.0.1;
						TestTargetID = 3D4841312533B49C00B1D293;
					};
				};
			};
			buildConfigurationList = 3D48412D2533B49B00B1D293 /* Build configuration list for PBXProject "Park Share" */;
			compatibilityVersion = "Xcode 9.3";
			developmentRegion = en;
			hasScannedForEncodings = 0;
			knownRegions = (
				en,
				Base,
			);
			mainGroup = 3D4841292533B49B00B1D293;
			productRefGroup = 3D4841332533B49C00B1D293 /* Products */;
			projectDirPath = "";
			projectRoot = "";
			targets = (
				3D4841312533B49C00B1D293 /* Park Share */,
				3D4841472533B49C00B1D293 /* Park ShareTests */,
				3D4841522533B49C00B1D293 /* Park ShareUITests */,
			);
		};
/* End PBXProject section */

/* Begin PBXResourcesBuildPhase section */
		3D4841302533B49C00B1D293 /* Resources */ = {
			isa = PBXResourcesBuildPhase;
			buildActionMask = 2147483647;
			files = (
				3D4841422533B49C00B1D293 /* LaunchScreen.storyboard in Resources */,
				3D48413F2533B49C00B1D293 /* Assets.xcassets in Resources */,
				3D48413D2533B49C00B1D293 /* Main.storyboard in Resources */,
			);
			runOnlyForDeploymentPostprocessing = 0;
		};
		3D4841462533B49C00B1D293 /* Resources */ = {
			isa = PBXResourcesBuildPhase;
			buildActionMask = 2147483647;
			files = (
			);
			runOnlyForDeploymentPostprocessing = 0;
		};
		3D4841512533B49C00B1D293 /* Resources */ = {
			isa = PBXResourcesBuildPhase;
			buildActionMask = 2147483647;
			files = (
			);
			runOnlyForDeploymentPostprocessing = 0;
		};
/* End PBXResourcesBuildPhase section */

/* Begin PBXShellScriptBuildPhase section */
		FBA81C5CC060B394F2A71D7A /* [CP] Check Pods Manifest.lock */ = {
			isa = PBXShellScriptBuildPhase;
			buildActionMask = 2147483647;
			files = (
			);
			inputFileListPaths = (
			);
			inputPaths = (
				"${PODS_PODFILE_DIR_PATH}/Podfile.lock",
				"${PODS_ROOT}/Manifest.lock",
			);
			name = "[CP] Check Pods Manifest.lock";
			outputFileListPaths = (
			);
			outputPaths = (
				"$(DERIVED_FILE_DIR)/Pods-Park Share-checkManifestLockResult.txt",
			);
			runOnlyForDeploymentPostprocessing = 0;
			shellPath = /bin/sh;
			shellScript = "diff \"${PODS_PODFILE_DIR_PATH}/Podfile.lock\" \"${PODS_ROOT}/Manifest.lock\" > /dev/null\nif [ $? != 0 ] ; then\n    # print error to STDERR\n    echo \"error: The sandbox is not in sync with the Podfile.lock. Run 'pod install' or update your CocoaPods installation.\" >&2\n    exit 1\nfi\n# This output is used by Xcode 'outputs' to avoid re-running this script phase.\necho \"SUCCESS\" > \"${SCRIPT_OUTPUT_FILE_0}\"\n";
			showEnvVarsInLog = 0;
		};
/* End PBXShellScriptBuildPhase section */

/* Begin PBXSourcesBuildPhase section */
		3D48412E2533B49C00B1D293 /* Sources */ = {
			isa = PBXSourcesBuildPhase;
			buildActionMask = 2147483647;
			files = (
				3D91D56C2549D0C000CC740B /* VehiclesViewController.swift in Sources */,
				3D3B35622541047900D92761 /* CreateAccountViewController.swift in Sources */,
				3D48413A2533B49C00B1D293 /* LoginViewController.swift in Sources */,
				3D4841362533B49C00B1D293 /* AppDelegate.swift in Sources */,
				3D3B35512540FC9700D92761 /* User.swift in Sources */,
				3DCD4B5D2557397D0087EACA /* ChooseAreaTableViewCell.swift in Sources */,
				3D0C459C254F2390008D237D /* ParkingAreaTableViewCell.swift in Sources */,
				3D9C711F255DB5B70000DD7D /* RentedAreasTableViewCell.swift in Sources */,
				3D9C7117255DB5A70000DD7D /* RentedAreasViewController.swift in Sources */,
				3DD193542559B5FF00A4FC87 /* AllParkingViewController.swift in Sources */,
				3DD1935E2559BFBC00A4FC87 /* AreaDetailsViewController.swift in Sources */,
				3D4841382533B49C00B1D293 /* SceneDelegate.swift in Sources */,
				3D0C45A7254F4707008D237D /* ListedAreasTableViewCell.swift in Sources */,
				3DCD4B582557395D0087EACA /* ChooseAreaViewController.swift in Sources */,
				3D0C4597254F234D008D237D /* ParkingAreaViewController.swift in Sources */,
				3D91D5712549D1BB00CC740B /* VehicleTableViewCell.swift in Sources */,
				3D3B354A2540FAC300D92761 /* SwiftyJSON.swift in Sources */,
				3D91D5632549CCAD00CC740B /* ProfileViewController.swift in Sources */,
				3DC9FAF7255CAC0A00D6FD49 /* ChooseVehiclesTableViewCell.swift in Sources */,
				3D9C710C255DA6AC0000DD7D /* CurrentVehiclesViewController.swift in Sources */,
				3DC9FAF2255CABEF00D6FD49 /* ChooseVehiclesViewController.swift in Sources */,
				3D3B35452540F8D300D92761 /* Variables.swift in Sources */,
				3DD193592559B61700A4FC87 /* AllParkingTableViewCell.swift in Sources */,
				3D9C7111255DA6C30000DD7D /* CurrentVehiclesTableViewCell.swift in Sources */,
				3D0C45A2254F4670008D237D /* ListedAreasViewController.swift in Sources */,
			);
			runOnlyForDeploymentPostprocessing = 0;
		};
		3D4841442533B49C00B1D293 /* Sources */ = {
			isa = PBXSourcesBuildPhase;
			buildActionMask = 2147483647;
			files = (
				3D48414D2533B49C00B1D293 /* Park_ShareTests.swift in Sources */,
			);
			runOnlyForDeploymentPostprocessing = 0;
		};
		3D48414F2533B49C00B1D293 /* Sources */ = {
			isa = PBXSourcesBuildPhase;
			buildActionMask = 2147483647;
			files = (
				3D4841582533B49C00B1D293 /* Park_ShareUITests.swift in Sources */,
			);
			runOnlyForDeploymentPostprocessing = 0;
		};
/* End PBXSourcesBuildPhase section */

/* Begin PBXTargetDependency section */
		3D48414A2533B49C00B1D293 /* PBXTargetDependency */ = {
			isa = PBXTargetDependency;
			target = 3D4841312533B49C00B1D293 /* Park Share */;
			targetProxy = 3D4841492533B49C00B1D293 /* PBXContainerItemProxy */;
		};
		3D4841552533B49C00B1D293 /* PBXTargetDependency */ = {
			isa = PBXTargetDependency;
			target = 3D4841312533B49C00B1D293 /* Park Share */;
			targetProxy = 3D4841542533B49C00B1D293 /* PBXContainerItemProxy */;
		};
/* End PBXTargetDependency section */

/* Begin PBXVariantGroup section */
		3D48413B2533B49C00B1D293 /* Main.storyboard */ = {
			isa = PBXVariantGroup;
			children = (
				3D48413C2533B49C00B1D293 /* Base */,
			);
			name = Main.storyboard;
			sourceTree = "<group>";
		};
		3D4841402533B49C00B1D293 /* LaunchScreen.storyboard */ = {
			isa = PBXVariantGroup;
			children = (
				3D4841412533B49C00B1D293 /* Base */,
			);
			name = LaunchScreen.storyboard;
			sourceTree = "<group>";
		};
/* End PBXVariantGroup section */

/* Begin XCBuildConfiguration section */
		3D48415A2533B49D00B1D293 /* Debug */ = {
			isa = XCBuildConfiguration;
			buildSettings = {
				ALWAYS_SEARCH_USER_PATHS = NO;
				CLANG_ANALYZER_NONNULL = YES;
				CLANG_ANALYZER_NUMBER_OBJECT_CONVERSION = YES_AGGRESSIVE;
				CLANG_CXX_LANGUAGE_STANDARD = "gnu++14";
				CLANG_CXX_LIBRARY = "libc++";
				CLANG_ENABLE_MODULES = YES;
				CLANG_ENABLE_OBJC_ARC = YES;
				CLANG_ENABLE_OBJC_WEAK = YES;
				CLANG_WARN_BLOCK_CAPTURE_AUTORELEASING = YES;
				CLANG_WARN_BOOL_CONVERSION = YES;
				CLANG_WARN_COMMA = YES;
				CLANG_WARN_CONSTANT_CONVERSION = YES;
				CLANG_WARN_DEPRECATED_OBJC_IMPLEMENTATIONS = YES;
				CLANG_WARN_DIRECT_OBJC_ISA_USAGE = YES_ERROR;
				CLANG_WARN_DOCUMENTATION_COMMENTS = YES;
				CLANG_WARN_EMPTY_BODY = YES;
				CLANG_WARN_ENUM_CONVERSION = YES;
				CLANG_WARN_INFINITE_RECURSION = YES;
				CLANG_WARN_INT_CONVERSION = YES;
				CLANG_WARN_NON_LITERAL_NULL_CONVERSION = YES;
				CLANG_WARN_OBJC_IMPLICIT_RETAIN_SELF = YES;
				CLANG_WARN_OBJC_LITERAL_CONVERSION = YES;
				CLANG_WARN_OBJC_ROOT_CLASS = YES_ERROR;
				CLANG_WARN_QUOTED_INCLUDE_IN_FRAMEWORK_HEADER = YES;
				CLANG_WARN_RANGE_LOOP_ANALYSIS = YES;
				CLANG_WARN_STRICT_PROTOTYPES = YES;
				CLANG_WARN_SUSPICIOUS_MOVE = YES;
				CLANG_WARN_UNGUARDED_AVAILABILITY = YES_AGGRESSIVE;
				CLANG_WARN_UNREACHABLE_CODE = YES;
				CLANG_WARN__DUPLICATE_METHOD_MATCH = YES;
				COPY_PHASE_STRIP = NO;
				DEBUG_INFORMATION_FORMAT = dwarf;
				ENABLE_STRICT_OBJC_MSGSEND = YES;
				ENABLE_TESTABILITY = YES;
				GCC_C_LANGUAGE_STANDARD = gnu11;
				GCC_DYNAMIC_NO_PIC = NO;
				GCC_NO_COMMON_BLOCKS = YES;
				GCC_OPTIMIZATION_LEVEL = 0;
				GCC_PREPROCESSOR_DEFINITIONS = (
					"DEBUG=1",
					"$(inherited)",
				);
				GCC_WARN_64_TO_32_BIT_CONVERSION = YES;
				GCC_WARN_ABOUT_RETURN_TYPE = YES_ERROR;
				GCC_WARN_UNDECLARED_SELECTOR = YES;
				GCC_WARN_UNINITIALIZED_AUTOS = YES_AGGRESSIVE;
				GCC_WARN_UNUSED_FUNCTION = YES;
				GCC_WARN_UNUSED_VARIABLE = YES;
				IPHONEOS_DEPLOYMENT_TARGET = 14.0;
				MTL_ENABLE_DEBUG_INFO = INCLUDE_SOURCE;
				MTL_FAST_MATH = YES;
				ONLY_ACTIVE_ARCH = YES;
				SDKROOT = iphoneos;
				SWIFT_ACTIVE_COMPILATION_CONDITIONS = DEBUG;
				SWIFT_OPTIMIZATION_LEVEL = "-Onone";
			};
			name = Debug;
		};
		3D48415B2533B49D00B1D293 /* Release */ = {
			isa = XCBuildConfiguration;
			buildSettings = {
				ALWAYS_SEARCH_USER_PATHS = NO;
				CLANG_ANALYZER_NONNULL = YES;
				CLANG_ANALYZER_NUMBER_OBJECT_CONVERSION = YES_AGGRESSIVE;
				CLANG_CXX_LANGUAGE_STANDARD = "gnu++14";
				CLANG_CXX_LIBRARY = "libc++";
				CLANG_ENABLE_MODULES = YES;
				CLANG_ENABLE_OBJC_ARC = YES;
				CLANG_ENABLE_OBJC_WEAK = YES;
				CLANG_WARN_BLOCK_CAPTURE_AUTORELEASING = YES;
				CLANG_WARN_BOOL_CONVERSION = YES;
				CLANG_WARN_COMMA = YES;
				CLANG_WARN_CONSTANT_CONVERSION = YES;
				CLANG_WARN_DEPRECATED_OBJC_IMPLEMENTATIONS = YES;
				CLANG_WARN_DIRECT_OBJC_ISA_USAGE = YES_ERROR;
				CLANG_WARN_DOCUMENTATION_COMMENTS = YES;
				CLANG_WARN_EMPTY_BODY = YES;
				CLANG_WARN_ENUM_CONVERSION = YES;
				CLANG_WARN_INFINITE_RECURSION = YES;
				CLANG_WARN_INT_CONVERSION = YES;
				CLANG_WARN_NON_LITERAL_NULL_CONVERSION = YES;
				CLANG_WARN_OBJC_IMPLICIT_RETAIN_SELF = YES;
				CLANG_WARN_OBJC_LITERAL_CONVERSION = YES;
				CLANG_WARN_OBJC_ROOT_CLASS = YES_ERROR;
				CLANG_WARN_QUOTED_INCLUDE_IN_FRAMEWORK_HEADER = YES;
				CLANG_WARN_RANGE_LOOP_ANALYSIS = YES;
				CLANG_WARN_STRICT_PROTOTYPES = YES;
				CLANG_WARN_SUSPICIOUS_MOVE = YES;
				CLANG_WARN_UNGUARDED_AVAILABILITY = YES_AGGRESSIVE;
				CLANG_WARN_UNREACHABLE_CODE = YES;
				CLANG_WARN__DUPLICATE_METHOD_MATCH = YES;
				COPY_PHASE_STRIP = NO;
				DEBUG_INFORMATION_FORMAT = "dwarf-with-dsym";
				ENABLE_NS_ASSERTIONS = NO;
				ENABLE_STRICT_OBJC_MSGSEND = YES;
				GCC_C_LANGUAGE_STANDARD = gnu11;
				GCC_NO_COMMON_BLOCKS = YES;
				GCC_WARN_64_TO_32_BIT_CONVERSION = YES;
				GCC_WARN_ABOUT_RETURN_TYPE = YES_ERROR;
				GCC_WARN_UNDECLARED_SELECTOR = YES;
				GCC_WARN_UNINITIALIZED_AUTOS = YES_AGGRESSIVE;
				GCC_WARN_UNUSED_FUNCTION = YES;
				GCC_WARN_UNUSED_VARIABLE = YES;
				IPHONEOS_DEPLOYMENT_TARGET = 14.0;
				MTL_ENABLE_DEBUG_INFO = NO;
				MTL_FAST_MATH = YES;
				SDKROOT = iphoneos;
				SWIFT_COMPILATION_MODE = wholemodule;
				SWIFT_OPTIMIZATION_LEVEL = "-O";
				VALIDATE_PRODUCT = YES;
			};
			name = Release;
		};
		3D48415D2533B49D00B1D293 /* Debug */ = {
			isa = XCBuildConfiguration;
			baseConfigurationReference = 8E8299BA2DA37F4710855A3F /* Pods-Park Share.debug.xcconfig */;
			buildSettings = {
				ASSETCATALOG_COMPILER_APPICON_NAME = AppIcon;
				ASSETCATALOG_COMPILER_GLOBAL_ACCENT_COLOR_NAME = AccentColor;
				CODE_SIGN_ENTITLEMENTS = "Park Share/Park Share.entitlements";
				CODE_SIGN_STYLE = Automatic;
				CURRENT_PROJECT_VERSION = 4;
				DEVELOPMENT_TEAM = Z254ZTLSS9;
				INFOPLIST_FILE = "Park Share/Info.plist";
				LD_RUNPATH_SEARCH_PATHS = (
					"$(inherited)",
					"@executable_path/Frameworks",
				);
				PRODUCT_BUNDLE_IDENTIFIER = "com.benalexander.Park-Share";
				PRODUCT_NAME = "$(TARGET_NAME)";
				SWIFT_VERSION = 5.0;
				TARGETED_DEVICE_FAMILY = "1,2";
			};
			name = Debug;
		};
		3D48415E2533B49D00B1D293 /* Release */ = {
			isa = XCBuildConfiguration;
			baseConfigurationReference = 739E6C32A86C689F9813A8A3 /* Pods-Park Share.release.xcconfig */;
			buildSettings = {
				ASSETCATALOG_COMPILER_APPICON_NAME = AppIcon;
				ASSETCATALOG_COMPILER_GLOBAL_ACCENT_COLOR_NAME = AccentColor;
				CODE_SIGN_ENTITLEMENTS = "Park Share/Park Share.entitlements";
				CODE_SIGN_STYLE = Automatic;
				CURRENT_PROJECT_VERSION = 4;
				DEVELOPMENT_TEAM = Z254ZTLSS9;
				INFOPLIST_FILE = "Park Share/Info.plist";
				LD_RUNPATH_SEARCH_PATHS = (
					"$(inherited)",
					"@executable_path/Frameworks",
				);
				PRODUCT_BUNDLE_IDENTIFIER = "com.benalexander.Park-Share";
				PRODUCT_NAME = "$(TARGET_NAME)";
				SWIFT_VERSION = 5.0;
				TARGETED_DEVICE_FAMILY = "1,2";
			};
			name = Release;
		};
		3D4841602533B49D00B1D293 /* Debug */ = {
			isa = XCBuildConfiguration;
			buildSettings = {
				ALWAYS_EMBED_SWIFT_STANDARD_LIBRARIES = YES;
				BUNDLE_LOADER = "$(TEST_HOST)";
				CODE_SIGN_STYLE = Automatic;
				DEVELOPMENT_TEAM = Z254ZTLSS9;
				INFOPLIST_FILE = "Park ShareTests/Info.plist";
				IPHONEOS_DEPLOYMENT_TARGET = 14.0;
				LD_RUNPATH_SEARCH_PATHS = (
					"$(inherited)",
					"@executable_path/Frameworks",
					"@loader_path/Frameworks",
				);
				PRODUCT_BUNDLE_IDENTIFIER = "com.benalexander.Park-ShareTests";
				PRODUCT_NAME = "$(TARGET_NAME)";
				SWIFT_VERSION = 5.0;
				TARGETED_DEVICE_FAMILY = "1,2";
				TEST_HOST = "$(BUILT_PRODUCTS_DIR)/Park Share.app/Park Share";
			};
			name = Debug;
		};
		3D4841612533B49D00B1D293 /* Release */ = {
			isa = XCBuildConfiguration;
			buildSettings = {
				ALWAYS_EMBED_SWIFT_STANDARD_LIBRARIES = YES;
				BUNDLE_LOADER = "$(TEST_HOST)";
				CODE_SIGN_STYLE = Automatic;
				DEVELOPMENT_TEAM = Z254ZTLSS9;
				INFOPLIST_FILE = "Park ShareTests/Info.plist";
				IPHONEOS_DEPLOYMENT_TARGET = 14.0;
				LD_RUNPATH_SEARCH_PATHS = (
					"$(inherited)",
					"@executable_path/Frameworks",
					"@loader_path/Frameworks",
				);
				PRODUCT_BUNDLE_IDENTIFIER = "com.benalexander.Park-ShareTests";
				PRODUCT_NAME = "$(TARGET_NAME)";
				SWIFT_VERSION = 5.0;
				TARGETED_DEVICE_FAMILY = "1,2";
				TEST_HOST = "$(BUILT_PRODUCTS_DIR)/Park Share.app/Park Share";
			};
			name = Release;
		};
		3D4841632533B49D00B1D293 /* Debug */ = {
			isa = XCBuildConfiguration;
			buildSettings = {
				ALWAYS_EMBED_SWIFT_STANDARD_LIBRARIES = YES;
				CODE_SIGN_STYLE = Automatic;
				DEVELOPMENT_TEAM = Z254ZTLSS9;
				INFOPLIST_FILE = "Park ShareUITests/Info.plist";
				LD_RUNPATH_SEARCH_PATHS = (
					"$(inherited)",
					"@executable_path/Frameworks",
					"@loader_path/Frameworks",
				);
				PRODUCT_BUNDLE_IDENTIFIER = "com.benalexander.Park-ShareUITests";
				PRODUCT_NAME = "$(TARGET_NAME)";
				SWIFT_VERSION = 5.0;
				TARGETED_DEVICE_FAMILY = "1,2";
				TEST_TARGET_NAME = "Park Share";
			};
			name = Debug;
		};
		3D4841642533B49D00B1D293 /* Release */ = {
			isa = XCBuildConfiguration;
			buildSettings = {
				ALWAYS_EMBED_SWIFT_STANDARD_LIBRARIES = YES;
				CODE_SIGN_STYLE = Automatic;
				DEVELOPMENT_TEAM = Z254ZTLSS9;
				INFOPLIST_FILE = "Park ShareUITests/Info.plist";
				LD_RUNPATH_SEARCH_PATHS = (
					"$(inherited)",
					"@executable_path/Frameworks",
					"@loader_path/Frameworks",
				);
				PRODUCT_BUNDLE_IDENTIFIER = "com.benalexander.Park-ShareUITests";
				PRODUCT_NAME = "$(TARGET_NAME)";
				SWIFT_VERSION = 5.0;
				TARGETED_DEVICE_FAMILY = "1,2";
				TEST_TARGET_NAME = "Park Share";
			};
			name = Release;
		};
/* End XCBuildConfiguration section */

/* Begin XCConfigurationList section */
		3D48412D2533B49B00B1D293 /* Build configuration list for PBXProject "Park Share" */ = {
			isa = XCConfigurationList;
			buildConfigurations = (
				3D48415A2533B49D00B1D293 /* Debug */,
				3D48415B2533B49D00B1D293 /* Release */,
			);
			defaultConfigurationIsVisible = 0;
			defaultConfigurationName = Release;
		};
		3D48415C2533B49D00B1D293 /* Build configuration list for PBXNativeTarget "Park Share" */ = {
			isa = XCConfigurationList;
			buildConfigurations = (
				3D48415D2533B49D00B1D293 /* Debug */,
				3D48415E2533B49D00B1D293 /* Release */,
			);
			defaultConfigurationIsVisible = 0;
			defaultConfigurationName = Release;
		};
		3D48415F2533B49D00B1D293 /* Build configuration list for PBXNativeTarget "Park ShareTests" */ = {
			isa = XCConfigurationList;
			buildConfigurations = (
				3D4841602533B49D00B1D293 /* Debug */,
				3D4841612533B49D00B1D293 /* Release */,
			);
			defaultConfigurationIsVisible = 0;
			defaultConfigurationName = Release;
		};
		3D4841622533B49D00B1D293 /* Build configuration list for PBXNativeTarget "Park ShareUITests" */ = {
			isa = XCConfigurationList;
			buildConfigurations = (
				3D4841632533B49D00B1D293 /* Debug */,
				3D4841642533B49D00B1D293 /* Release */,
			);
			defaultConfigurationIsVisible = 0;
			defaultConfigurationName = Release;
		};
/* End XCConfigurationList section */
	};
	rootObject = 3D48412A2533B49B00B1D293 /* Project object */;
}
